github.com/gregoryv/english v0.6.0 h1:NHGV9r1M20ifPacmPG41ZQGEbH9cTlxvwUuAcXm1v0w=
github.com/gregoryv/english v0.6.0/go.mod h1:F5O7gDq0yWDJUEOXuNv+ebChEjK7N9eBFHsxGyFui/0=
github.com/tjarratt/babble v0.0.0-20210505082055-cbca2a4833c1 h1:j8whCiEmvLCXI3scVn+YnklCU8mwJ9ZJ4/DGAKqQbRE=
github.com/tjarratt/babble v0.0.0-20210505082055-cbca2a4833c1/go.mod h1:O5hBrCGqzfb+8WyY8ico2AyQau7XQwAfEQeEQ5/5V9E=
